
Microsoft Visual Studio Solution File, Format Version 12.00
# Visual Studio Version 17
VisualStudioVersion = 17.9.34622.214
MinimumVisualStudioVersion = 10.0.40219.1
Project("{FAE04EC0-301F-11D3-BF4B-00C04F79EFBC}") = "WinFormsApp1", "WinFormsApp1\WinFormsApp1.csproj", "{5990E994-EBC0-45E7-AC77-15173DA4DF0D}"
EndProject
Global
	GlobalSection(SolutionConfigurationPlatforms) = preSolution
		Debug|Any CPU = Debug|Any CPU
		Release|Any CPU = Release|Any CPU
	EndGlobalSection
	GlobalSection(ProjectConfigurationPlatforms) = postSolution
		{5990E994-EBC0-45E7-AC77-15173DA4DF0D}.Debug|Any CPU.ActiveCfg = Debug|Any CPU
		{5990E994-EBC0-45E7-AC77-15173DA4DF0D}.Debug|Any CPU.Build.0 = Debug|Any CPU
		{5990E994-EBC0-45E7-AC77-15173DA4DF0D}.Release|Any CPU.ActiveCfg = Release|Any CPU
		{5990E994-EBC0-45E7-AC77-15173DA4DF0D}.Release|Any CPU.Build.0 = Release|Any CPU
	EndGlobalSection
	GlobalSection(SolutionProperties) = preSolution
		HideSolutionNode = FALSE
	EndGlobalSection
	GlobalSection(ExtensibilityGlobals) = postSolution
		SolutionGuid = {FEE78A2C-D7C1-4CF6-A80D-46E7488AD716}
	EndGlobalSection
EndGlobal
